// !$*UTF8*$!
{
	archiveVersion = 1;
	classes = {
	};
	objectVersion = 46;
	objects = {

/* Begin PBXBuildFile section */
		3601DBC81E72C36900BC26FD /* main.m in Sources */ = {isa = PBXBuildFile; fileRef = 3601DBC71E72C36900BC26FD /* main.m */; };
		3601DBCB1E72C36900BC26FD /* AppDelegate.m in Sources */ = {isa = PBXBuildFile; fileRef = 3601DBCA1E72C36900BC26FD /* AppDelegate.m */; };
		3601DBCE1E72C36900BC26FD /* ViewController.m in Sources */ = {isa = PBXBuildFile; fileRef = 3601DBCD1E72C36900BC26FD /* ViewController.m */; };
		3601DBD11E72C36900BC26FD /* Main.storyboard in Resources */ = {isa = PBXBuildFile; fileRef = 3601DBCF1E72C36900BC26FD /* Main.storyboard */; };
		3601DBD31E72C36900BC26FD /* Assets.xcassets in Resources */ = {isa = PBXBuildFile; fileRef = 3601DBD21E72C36900BC26FD /* Assets.xcassets */; };
		3601DBD61E72C36900BC26FD /* LaunchScreen.storyboard in Resources */ = {isa = PBXBuildFile; fileRef = 3601DBD41E72C36900BC26FD /* LaunchScreen.storyboard */; };
/* End PBXBuildFile section */

/* Begin PBXFileReference section */
		3601DBC31E72C36900BC26FD /* NetWorkNews.app */ = {isa = PBXFileReference; explicitFileType = wrapper.application; includeInIndex = 0; path = NetWorkNews.app; sourceTree = BUILT_PRODUCTS_DIR; };
		3601DBC71E72C36900BC26FD /* main.m */ = {isa = PBXFileReference; lastKnownFileType = sourcecode.c.objc; path = main.m; sourceTree = "<group>"; };
		3601DBC91E72C36900BC26FD /* AppDelegate.h */ = {isa = PBXFileReference; lastKnownFileType = sourcecode.c.h; path = AppDelegate.h; sourceTree = "<group>"; };
		3601DBCA1E72C36900BC26FD /* AppDelegate.m */ = {isa = PBXFileReference; lastKnownFileType = sourcecode.c.objc; path = AppDelegate.m; sourceTree = "<group>"; };
		3601DBCC1E72C36900BC26FD /* ViewController.h */ = {isa = PBXFileReference; lastKnownFileType = sourcecode.c.h; path = ViewController.h; sourceTree = "<group>"; };
		3601DBCD1E72C36900BC26FD /* ViewController.m */ = {isa = PBXFileReference; lastKnownFileType = sourcecode.c.objc; path = ViewController.m; sourceTree = "<group>"; };
		3601DBD01E72C36900BC26FD /* Base */ = {isa = PBXFileReference; lastKnownFileType = file.storyboard; name = Base; path = Base.lproj/Main.storyboard; sourceTree = "<group>"; };
		3601DBD21E72C36900BC26FD /* Assets.xcassets */ = {isa = PBXFileReference; lastKnownFileType = folder.assetcatalog; path = Assets.xcassets; sourceTree = "<group>"; };
		3601DBD51E72C36900BC26FD /* Base */ = {isa = PBXFileReference; lastKnownFileType = file.storyboard; name = Base; path = Base.lproj/LaunchScreen.storyboard; sourceTree = "<group>"; };
		3601DBD71E72C36900BC26FD /* Info.plist */ = {isa = PBXFileReference; lastKnownFileType = text.plist.xml; path = Info.plist; sourceTree = "<group>"; };
/* End PBXFileReference section */

/* Begin PBXFrameworksBuildPhase section */
		3601DBC01E72C36900BC26FD /* Frameworks */ = {
			isa = PBXFrameworksBuildPhase;
			buildActionMask = 2147483647;
			files = (
			);
			runOnlyForDeploymentPostprocessing = 0;
		};
/* End PBXFrameworksBuildPhase section */

/* Begin PBXGroup section */
		3601DBBA1E72C36900BC26FD = {
			isa = PBXGroup;
			children = (
				3601DBC51E72C36900BC26FD /* NetWorkNews */,
				3601DBC41E72C36900BC26FD /* Products */,
			);
			sourceTree = "<group>";
		};
		3601DBC41E72C36900BC26FD /* Products */ = {
			isa = PBXGroup;
			children = (
				3601DBC31E72C36900BC26FD /* NetWorkNews.app */,
			);
			name = Products;
			sourceTree = "<group>";
		};
		3601DBC51E72C36900BC26FD /* NetWorkNews */ = {
			isa = PBXGroup;
			children = (
				3601DBC91E72C36900BC26FD /* AppDelegate.h */,
				3601DBCA1E72C36900BC26FD /* AppDelegate.m */,
				3601DBCC1E72C36900BC26FD /* ViewController.h */,
				3601DBCD1E72C36900BC26FD /* ViewController.m */,
				3601DBCF1E72C36900BC26FD /* Main.storyboard */,
				3601DBD21E72C36900BC26FD /* Assets.xcassets */,
				3601DBD41E72C36900BC26FD /* LaunchScreen.storyboard */,
				3601DBD71E72C36900BC26FD /* Info.plist */,
				3601DBC61E72C36900BC26FD /* Supporting Files */,
			);
			path = NetWorkNews;
			sourceTree = "<group>";
		};
		3601DBC61E72C36900BC26FD /* Supporting Files */ = {
			isa = PBXGroup;
			children = (
				3601DBC71E72C36900BC26FD /* main.m */,
			);
			name = "Supporting Files";
			sourceTree = "<group>";
		};
/* End PBXGroup section */

/* Begin PBXNativeTarget section */
		3601DBC21E72C36900BC26FD /* NetWorkNews */ = {
			isa = PBXNativeTarget;
			buildConfigurationList = 3601DBDA1E72C36900BC26FD /* Build configuration list for PBXNativeTarget "NetWorkNews" */;
			buildPhases = (
				3601DBBF1E72C36900BC26FD /* Sources */,
				3601DBC01E72C36900BC26FD /* Frameworks */,
				3601DBC11E72C36900BC26FD /* Resources */,
			);
			buildRules = (
			);
			dependencies = (
			);
			name = NetWorkNews;
			productName = NetWorkNews;
			productReference = 3601DBC31E72C36900BC26FD /* NetWorkNews.app */;
			productType = "com.apple.product-type.application";
		};
/* End PBXNativeTarget section */

/* Begin PBXProject section */
		3601DBBB1E72C36900BC26FD /* Project object */ = {
			isa = PBXProject;
			attributes = {
				LastUpgradeCheck = 0820;
				ORGANIZATIONNAME = lddongxing;
				TargetAttributes = {
					3601DBC21E72C36900BC26FD = {
						CreatedOnToolsVersion = 8.2.1;
						ProvisioningStyle = Automatic;
					};
				};
			};
			buildConfigurationList = 3601DBBE1E72C36900BC26FD /* Build configuration list for PBXProject "NetWorkNews" */;
			compatibilityVersion = "Xcode 3.2";
			developmentRegion = English;
			hasScannedForEncodings = 0;
			knownRegions = (
				en,
				Base,
			);
			mainGroup = 3601DBBA1E72C36900BC26FD;
			productRefGroup = 3601DBC41E72C36900BC26FD /* Products */;
			projectDirPath = "";
			projectRoot = "";
			targets = (
				3601DBC21E72C36900BC26FD /* NetWorkNews */,
			);
		};
/* End PBXProject section */

/* Begin PBXResourcesBuildPhase section */
		3601DBC11E72C36900BC26FD /* Resources */ = {
			isa = PBXResourcesBuildPhase;
			buildActionMask = 2147483647;
			files = (
				3601DBD61E72C36900BC26FD /* LaunchScreen.storyboard in Resources */,
				3601DBD31E72C36900BC26FD /* Assets.xcassets in Resources */,
				3601DBD11E72C36900BC26FD /* Main.storyboard in Resources */,
			);
			runOnlyForDeploymentPostprocessing = 0;
		};
/* End PBXResourcesBuildPhase section */

/* Begin PBXSourcesBuildPhase section */
		3601DBBF1E72C36900BC26FD /* Sources */ = {
			isa = PBXSourcesBuildPhase;
			buildActionMask = 2147483647;
			files = (
				3601DBCE1E72C36900BC26FD /* ViewController.m in Sources */,
				3601DBCB1E72C36900BC26FD /* AppDelegate.m in Sources */,
				3601DBC81E72C36900BC26FD /* main.m in Sources */,
			);
			runOnlyForDeploymentPostprocessing = 0;
		};
/* End PBXSourcesBuildPhase section */

/* Begin PBXVariantGroup section */
		3601DBCF1E72C36900BC26FD /* Main.storyboard */ = {
			isa = PBXVariantGroup;
			children = (
				3601DBD01E72C36900BC26FD /* Base */,
			);
			name = Main.storyboard;
			sourceTree = "<group>";
		};
		3601DBD41E72C36900BC26FD /* LaunchScreen.storyboard */ = {
			isa = PBXVariantGroup;
			children = (
				3601DBD51E72C36900BC26FD /* Base */,
			);
			name = LaunchScreen.storyboard;
			sourceTree = "<group>";
		};
/* End PBXVariantGroup section */

/* Begin XCBuildConfiguration section */
		3601DBD81E72C36900BC26FD /* Debug */ = {
			isa = XCBuildConfiguration;
			buildSettings = {
				ALWAYS_SEARCH_USER_PATHS = NO;
				CLANG_ANALYZER_NONNULL = YES;
				CLANG_CXX_LANGUAGE_STANDARD = "gnu++0x";
				CLANG_CXX_LIBRARY = "libc++";
				CLANG_ENABLE_MODULES = YES;
				CLANG_ENABLE_OBJC_ARC = YES;
				CLANG_WARN_BOOL_CONVERSION = YES;
				CLANG_WARN_CONSTANT_CONVERSION = YES;
				CLANG_WARN_DIRECT_OBJC_ISA_USAGE = YES_ERROR;
				CLANG_WARN_DOCUMENTATION_COMMENTS = YES;
				CLANG_WARN_EMPTY_BODY = YES;
				CLANG_WARN_ENUM_CONVERSION = YES;
				CLANG_WARN_INFINITE_RECURSION = YES;
				CLANG_WARN_INT_CONVERSION = YES;
				CLANG_WARN_OBJC_ROOT_CLASS = YES_ERROR;
				CLANG_WARN_SUSPICIOUS_MOVE = YES;
				CLANG_WARN_UNREACHABLE_CODE = YES;
				CLANG_WARN__DUPLICATE_METHOD_MATCH = YES;
				"CODE_SIGN_IDENTITY[sdk=iphoneos*]" = "iPhone Developer";
				COPY_PHASE_STRIP = NO;
				DEBUG_INFORMATION_FORMAT = dwarf;
				ENABLE_STRICT_OBJC_MSGSEND = YES;
				ENABLE_TESTABILITY = YES;
				GCC_C_LANGUAGE_STANDARD = gnu99;
				GCC_DYNAMIC_NO_PIC = NO;
				GCC_NO_COMMON_BLOCKS = YES;
				GCC_OPTIMIZATION_LEVEL = 0;
				GCC_PREPROCESSOR_DEFINITIONS = (
					"DEBUG=1",
					"$(inherited)",
				);
				GCC_WARN_64_TO_32_BIT_CONVERSION = YES;
				GCC_WARN_ABOUT_RETURN_TYPE = YES_ERROR;
				GCC_WARN_UNDECLARED_SELECTOR = YES;
				GCC_WARN_UNINITIALIZED_AUTOS = YES_AGGRESSIVE;
				GCC_WARN_UNUSED_FUNCTION = YES;
				GCC_WARN_UNUSED_VARIABLE = YES;
				IPHONEOS_DEPLOYMENT_TARGET = 10.2;
				MTL_ENABLE_DEBUG_INFO = YES;
				ONLY_ACTIVE_ARCH = YES;
				SDKROOT = iphoneos;
			};
			name = Debug;
		};
		3601DBD91E72C36900BC26FD /* Release */ = {
			isa = XCBuildConfiguration;
			buildSettings = {
				ALWAYS_SEARCH_USER_PATHS = NO;
				CLANG_ANALYZER_NONNULL = YES;
				CLANG_CXX_LANGUAGE_STANDARD = "gnu++0x";
				CLANG_CXX_LIBRARY = "libc++";
				CLANG_ENABLE_MODULES = YES;
				CLANG_ENABLE_OBJC_ARC = YES;
				CLANG_WARN_BOOL_CONVERSION = YES;
				CLANG_WARN_CONSTANT_CONVERSION = YES;
				CLANG_WARN_DIRECT_OBJC_ISA_USAGE = YES_ERROR;
				CLANG_WARN_DOCUMENTATION_COMMENTS = YES;
				CLANG_WARN_EMPTY_BODY = YES;
				CLANG_WARN_ENUM_CONVERSION = YES;
				CLANG_WARN_INFINITE_RECURSION = YES;
				CLANG_WARN_INT_CONVERSION = YES;
				CLANG_WARN_OBJC_ROOT_CLASS = YES_ERROR;
				CLANG_WARN_SUSPICIOUS_MOVE = YES;
				CLANG_WARN_UNREACHABLE_CODE = YES;
				CLANG_WARN__DUPLICATE_METHOD_MATCH = YES;
				"CODE_SIGN_IDENTITY[sdk=iphoneos*]" = "iPhone Developer";
				COPY_PHASE_STRIP = NO;
				DEBUG_INFORMATION_FORMAT = "dwarf-with-dsym";
				ENABLE_NS_ASSERTIONS = NO;
				ENABLE_STRICT_OBJC_MSGSEND = YES;
				GCC_C_LANGUAGE_STANDARD = gnu99;
				GCC_NO_COMMON_BLOCKS = YES;
				GCC_WARN_64_TO_32_BIT_CONVERSION = YES;
				GCC_WARN_ABOUT_RETURN_TYPE = YES_ERROR;
				GCC_WARN_UNDECLARED_SELECTOR = YES;
				GCC_WARN_UNINITIALIZED_AUTOS = YES_AGGRESSIVE;
				GCC_WARN_UNUSED_FUNCTION = YES;
				GCC_WARN_UNUSED_VARIABLE = YES;
				IPHONEOS_DEPLOYMENT_TARGET = 10.2;
				MTL_ENABLE_DEBUG_INFO = NO;
				SDKROOT = iphoneos;
				VALIDATE_PRODUCT = YES;
			};
			name = Release;
		};
		3601DBDB1E72C36900BC26FD /* Debug */ = {
			isa = XCBuildConfiguration;
			buildSettings = {
				ASSETCATALOG_COMPILER_APPICON_NAME = AppIcon;
				INFOPLIST_FILE = NetWorkNews/Info.plist;
				LD_RUNPATH_SEARCH_PATHS = "$(inherited) @executable_path/Frameworks";
				PRODUCT_BUNDLE_IDENTIFIER = com.lvdongxing.NetWorkNews;
				PRODUCT_NAME = "$(TARGET_NAME)";
			};
			name = Debug;
		};
		3601DBDC1E72C36900BC26FD /* Release */ = {
			isa = XCBuildConfiguration;
			buildSettings = {
				ASSETCATALOG_COMPILER_APPICON_NAME = AppIcon;
				INFOPLIST_FILE = NetWorkNews/Info.plist;
				LD_RUNPATH_SEARCH_PATHS = "$(inherited) @executable_path/Frameworks";
				PRODUCT_BUNDLE_IDENTIFIER = com.lvdongxing.NetWorkNews;
				PRODUCT_NAME = "$(TARGET_NAME)";
			};
			name = Release;
		};
/* End XCBuildConfiguration section */

/* Begin XCConfigurationList section */
		3601DBBE1E72C36900BC26FD /* Build configuration list for PBXProject "NetWorkNews" */ = {
			isa = XCConfigurationList;
			buildConfigurations = (
				3601DBD81E72C36900BC26FD /* Debug */,
				3601DBD91E72C36900BC26FD /* Release */,
			);
			defaultConfigurationIsVisible = 0;
			defaultConfigurationName = Release;
		};
		3601DBDA1E72C36900BC26FD /* Build configuration list for PBXNativeTarget "NetWorkNews" */ = {
			isa = XCConfigurationList;
			buildConfigurations = (
				3601DBDB1E72C36900BC26FD /* Debug */,
				3601DBDC1E72C36900BC26FD /* Release */,
			);
			defaultConfigurationIsVisible = 0;
		};
/* End XCConfigurationList section */
	};
	rootObject = 3601DBBB1E72C36900BC26FD /* Project object */;
}
